
Microsoft Visual Studio Solution File, Format Version 12.00
# Visual Studio Version 17
VisualStudioVersion = 17.13.35818.85
MinimumVisualStudioVersion = 10.0.40219.1
Project("{FAE04EC0-301F-11D3-BF4B-00C04F79EFBC}") = "d4bi", "d4bi.csproj", "{8A8DB31D-3ED5-46FD-A55A-C8CEAF25CA30}"
EndProject
Project("{FAE04EC0-301F-11D3-BF4B-00C04F79EFBC}") = "ShellProgressBar", "..\shellprogressbar\src\ShellProgressBar\ShellProgressBar.csproj", "{8C9273B4-28BC-5D6D-9C9F-B8FDC93813BF}"
EndProject
Global
	GlobalSection(SolutionConfigurationPlatforms) = preSolution
		Debug|Any CPU = Debug|Any CPU
		Release|Any CPU = Release|Any CPU
	EndGlobalSection
	GlobalSection(ProjectConfigurationPlatforms) = postSolution
		{8A8DB31D-3ED5-46FD-A55A-C8CEAF25CA30}.Debug|Any CPU.ActiveCfg = Debug|Any CPU
		{8A8DB31D-3ED5-46FD-A55A-C8CEAF25CA30}.Debug|Any CPU.Build.0 = Debug|Any CPU
		{8A8DB31D-3ED5-46FD-A55A-C8CEAF25CA30}.Release|Any CPU.ActiveCfg = Release|Any CPU
		{8A8DB31D-3ED5-46FD-A55A-C8CEAF25CA30}.Release|Any CPU.Build.0 = Release|Any CPU
		{8C9273B4-28BC-5D6D-9C9F-B8FDC93813BF}.Debug|Any CPU.ActiveCfg = Debug|Any CPU
		{8C9273B4-28BC-5D6D-9C9F-B8FDC93813BF}.Debug|Any CPU.Build.0 = Debug|Any CPU
		{8C9273B4-28BC-5D6D-9C9F-B8FDC93813BF}.Release|Any CPU.ActiveCfg = Release|Any CPU
		{8C9273B4-28BC-5D6D-9C9F-B8FDC93813BF}.Release|Any CPU.Build.0 = Release|Any CPU
	EndGlobalSection
	GlobalSection(SolutionProperties) = preSolution
		HideSolutionNode = FALSE
	EndGlobalSection
	GlobalSection(ExtensibilityGlobals) = postSolution
		SolutionGuid = {F5967CCF-41FA-42F7-8C87-A150C1261E60}
	EndGlobalSection
EndGlobal
